
Microsoft Visual Studio Solution File, Format Version 12.00
# Visual Studio Version 16
VisualStudioVersion = 16.0.30204.135
MinimumVisualStudioVersion = 10.0.40219.1
Project("{FAE04EC0-301F-11D3-BF4B-00C04F79EFBC}") = "Factory", "Factory.csproj", "{ED7FD1E5-D9F7-421C-A0AA-DDDE3948307E}"
EndProject
Global
	GlobalSection(SolutionConfigurationPlatforms) = preSolution
		Debug|Any CPU = Debug|Any CPU
		Release|Any CPU = Release|Any CPU
	EndGlobalSection
	GlobalSection(ProjectConfigurationPlatforms) = postSolution
		{ED7FD1E5-D9F7-421C-A0AA-DDDE3948307E}.Debug|Any CPU.ActiveCfg = Debug|Any CPU
		{ED7FD1E5-D9F7-421C-A0AA-DDDE3948307E}.Debug|Any CPU.Build.0 = Debug|Any CPU
		{ED7FD1E5-D9F7-421C-A0AA-DDDE3948307E}.Release|Any CPU.ActiveCfg = Release|Any CPU
		{ED7FD1E5-D9F7-421C-A0AA-DDDE3948307E}.Release|Any CPU.Build.0 = Release|Any CPU
	EndGlobalSection
	GlobalSection(SolutionProperties) = preSolution
		HideSolutionNode = FALSE
	EndGlobalSection
	GlobalSection(ExtensibilityGlobals) = postSolution
		SolutionGuid = {E7FA6A63-605D-424B-AE88-FC1661F260F7}
	EndGlobalSection
EndGlobal
