
Microsoft Visual Studio Solution File, Format Version 12.00
# Visual Studio Version 16
VisualStudioVersion = 16.0.30204.135
MinimumVisualStudioVersion = 10.0.40219.1
Project("{FAE04EC0-301F-11D3-BF4B-00C04F79EFBC}") = "Visitor", "Visitor.csproj", "{87DDC694-EE55-4F92-A2CD-F5B331F4C53B}"
EndProject
Global
	GlobalSection(SolutionConfigurationPlatforms) = preSolution
		Debug|Any CPU = Debug|Any CPU
		Release|Any CPU = Release|Any CPU
	EndGlobalSection
	GlobalSection(ProjectConfigurationPlatforms) = postSolution
		{87DDC694-EE55-4F92-A2CD-F5B331F4C53B}.Debug|Any CPU.ActiveCfg = Debug|Any CPU
		{87DDC694-EE55-4F92-A2CD-F5B331F4C53B}.Debug|Any CPU.Build.0 = Debug|Any CPU
		{87DDC694-EE55-4F92-A2CD-F5B331F4C53B}.Release|Any CPU.ActiveCfg = Release|Any CPU
		{87DDC694-EE55-4F92-A2CD-F5B331F4C53B}.Release|Any CPU.Build.0 = Release|Any CPU
	EndGlobalSection
	GlobalSection(SolutionProperties) = preSolution
		HideSolutionNode = FALSE
	EndGlobalSection
	GlobalSection(ExtensibilityGlobals) = postSolution
		SolutionGuid = {D940746B-7415-4803-8D11-DFEF8AC40DB8}
	EndGlobalSection
EndGlobal
