
Microsoft Visual Studio Solution File, Format Version 12.00
# Visual Studio Version 16
VisualStudioVersion = 16.0.30204.135
MinimumVisualStudioVersion = 10.0.40219.1
Project("{FAE04EC0-301F-11D3-BF4B-00C04F79EFBC}") = "AbstractFactory", "AbstractFactory.csproj", "{0DFCDE61-1E35-43F7-90EE-E6EDA36D357F}"
EndProject
Global
	GlobalSection(SolutionConfigurationPlatforms) = preSolution
		Debug|Any CPU = Debug|Any CPU
		Release|Any CPU = Release|Any CPU
	EndGlobalSection
	GlobalSection(ProjectConfigurationPlatforms) = postSolution
		{0DFCDE61-1E35-43F7-90EE-E6EDA36D357F}.Debug|Any CPU.ActiveCfg = Debug|Any CPU
		{0DFCDE61-1E35-43F7-90EE-E6EDA36D357F}.Debug|Any CPU.Build.0 = Debug|Any CPU
		{0DFCDE61-1E35-43F7-90EE-E6EDA36D357F}.Release|Any CPU.ActiveCfg = Release|Any CPU
		{0DFCDE61-1E35-43F7-90EE-E6EDA36D357F}.Release|Any CPU.Build.0 = Release|Any CPU
	EndGlobalSection
	GlobalSection(SolutionProperties) = preSolution
		HideSolutionNode = FALSE
	EndGlobalSection
	GlobalSection(ExtensibilityGlobals) = postSolution
		SolutionGuid = {838BC275-3AA8-4CD5-89E7-533F3EFB5C11}
	EndGlobalSection
EndGlobal
