
Microsoft Visual Studio Solution File, Format Version 12.00
# Visual Studio Version 16
VisualStudioVersion = 16.0.30204.135
MinimumVisualStudioVersion = 10.0.40219.1
Project("{FAE04EC0-301F-11D3-BF4B-00C04F79EFBC}") = "StateWithDP", "StateWithDP.csproj", "{E41F79FE-4D6B-4394-BEFE-1A3F33796FBC}"
EndProject
Global
	GlobalSection(SolutionConfigurationPlatforms) = preSolution
		Debug|Any CPU = Debug|Any CPU
		Release|Any CPU = Release|Any CPU
	EndGlobalSection
	GlobalSection(ProjectConfigurationPlatforms) = postSolution
		{E41F79FE-4D6B-4394-BEFE-1A3F33796FBC}.Debug|Any CPU.ActiveCfg = Debug|Any CPU
		{E41F79FE-4D6B-4394-BEFE-1A3F33796FBC}.Debug|Any CPU.Build.0 = Debug|Any CPU
		{E41F79FE-4D6B-4394-BEFE-1A3F33796FBC}.Release|Any CPU.ActiveCfg = Release|Any CPU
		{E41F79FE-4D6B-4394-BEFE-1A3F33796FBC}.Release|Any CPU.Build.0 = Release|Any CPU
	EndGlobalSection
	GlobalSection(SolutionProperties) = preSolution
		HideSolutionNode = FALSE
	EndGlobalSection
	GlobalSection(ExtensibilityGlobals) = postSolution
		SolutionGuid = {28E239DA-0C3D-472A-9140-FD37BD7C13A5}
	EndGlobalSection
EndGlobal
