
Microsoft Visual Studio Solution File, Format Version 12.00
# Visual Studio Version 16
VisualStudioVersion = 16.0.30204.135
MinimumVisualStudioVersion = 10.0.40219.1
Project("{FAE04EC0-301F-11D3-BF4B-00C04F79EFBC}") = "Factory2", "Factory2.csproj", "{2D357B6E-AC52-47E6-9394-E6370CE82B60}"
EndProject
Global
	GlobalSection(SolutionConfigurationPlatforms) = preSolution
		Debug|Any CPU = Debug|Any CPU
		Release|Any CPU = Release|Any CPU
	EndGlobalSection
	GlobalSection(ProjectConfigurationPlatforms) = postSolution
		{2D357B6E-AC52-47E6-9394-E6370CE82B60}.Debug|Any CPU.ActiveCfg = Debug|Any CPU
		{2D357B6E-AC52-47E6-9394-E6370CE82B60}.Debug|Any CPU.Build.0 = Debug|Any CPU
		{2D357B6E-AC52-47E6-9394-E6370CE82B60}.Release|Any CPU.ActiveCfg = Release|Any CPU
		{2D357B6E-AC52-47E6-9394-E6370CE82B60}.Release|Any CPU.Build.0 = Release|Any CPU
	EndGlobalSection
	GlobalSection(SolutionProperties) = preSolution
		HideSolutionNode = FALSE
	EndGlobalSection
	GlobalSection(ExtensibilityGlobals) = postSolution
		SolutionGuid = {E2AF02B8-9AC7-4497-8403-1D5FCD570AEE}
	EndGlobalSection
EndGlobal
